
Microsoft Visual Studio Solution File, Format Version 12.00
# Visual Studio 15
VisualStudioVersion = 15.0.26730.16
MinimumVisualStudioVersion = 10.0.40219.1
Project("{888888A0-9F3D-457C-B088-3A5042F75D52}") = "headtec", "headtec\headtec.pyproj", "{0FBD60E1-1907-428F-8368-6039AF206BFD}"
EndProject
Global
	GlobalSection(SolutionConfigurationPlatforms) = preSolution
		Debug|Any CPU = Debug|Any CPU
		Release|Any CPU = Release|Any CPU
	EndGlobalSection
	GlobalSection(ProjectConfigurationPlatforms) = postSolution
		{0FBD60E1-1907-428F-8368-6039AF206BFD}.Debug|Any CPU.ActiveCfg = Debug|Any CPU
		{0FBD60E1-1907-428F-8368-6039AF206BFD}.Debug|Any CPU.Build.0 = Debug|Any CPU
		{0FBD60E1-1907-428F-8368-6039AF206BFD}.Release|Any CPU.ActiveCfg = Release|Any CPU
		{0FBD60E1-1907-428F-8368-6039AF206BFD}.Release|Any CPU.Build.0 = Release|Any CPU
	EndGlobalSection
	GlobalSection(SolutionProperties) = preSolution
		HideSolutionNode = FALSE
	EndGlobalSection
	GlobalSection(ExtensibilityGlobals) = postSolution
		SolutionGuid = {2695968F-D437-4842-9431-5C5CBB2D3FA5}
	EndGlobalSection
EndGlobal
